
Microsoft Visual Studio Solution File, Format Version 12.00
# Visual Studio Version 17
VisualStudioVersion = 17.7.34202.233
MinimumVisualStudioVersion = 10.0.40219.1
Project("{888888A0-9F3D-457C-B088-3A5042F75D52}") = "RedmineTicketManager", "RedmineTicketManager.pyproj", "{AC4C8B8A-25D0-4259-A1B6-56C46A244BB0}"
EndProject
Global
	GlobalSection(SolutionConfigurationPlatforms) = preSolution
		Debug|Any CPU = Debug|Any CPU
		Release|Any CPU = Release|Any CPU
	EndGlobalSection
	GlobalSection(ProjectConfigurationPlatforms) = postSolution
		{AC4C8B8A-25D0-4259-A1B6-56C46A244BB0}.Debug|Any CPU.ActiveCfg = Debug|Any CPU
		{AC4C8B8A-25D0-4259-A1B6-56C46A244BB0}.Debug|Any CPU.Build.0 = Debug|Any CPU
		{AC4C8B8A-25D0-4259-A1B6-56C46A244BB0}.Release|Any CPU.ActiveCfg = Release|Any CPU
		{AC4C8B8A-25D0-4259-A1B6-56C46A244BB0}.Release|Any CPU.Build.0 = Release|Any CPU
	EndGlobalSection
	GlobalSection(SolutionProperties) = preSolution
		HideSolutionNode = FALSE
	EndGlobalSection
	GlobalSection(ExtensibilityGlobals) = postSolution
		SolutionGuid = {4FBA2695-5E73-4148-926F-F0BA24343D56}
	EndGlobalSection
EndGlobal
